
Microsoft Visual Studio Solution File, Format Version 12.00
# Visual Studio 15
VisualStudioVersion = 15.0.26206.0
MinimumVisualStudioVersion = 10.0.40219.1
Project("{FAE04EC0-301F-11D3-BF4B-00C04F79EFBC}") = "RestArt.Core", "RestArt.Core\RestArt.Core.csproj", "{4B0B3568-F2E5-4112-B308-E433F4CC8356}"
EndProject
Project("{FAE04EC0-301F-11D3-BF4B-00C04F79EFBC}") = "RestArt", "RestArt\RestArt.csproj", "{A2E22AEB-70AA-45CD-80C4-C2962DED533D}"
EndProject
Project("{2150E333-8FDC-42A3-9474-1A3956D46DE8}") = "Solution Items", "Solution Items", "{5EF9A6A8-D26C-4361-B752-ABBF55FE7D31}"
	ProjectSection(SolutionItems) = preProject
		.gitignore = .gitignore
		COPYRIGHT = COPYRIGHT
		LICENSE = LICENSE
		README.md = README.md
	EndProjectSection
EndProject
Project("{FAE04EC0-301F-11D3-BF4B-00C04F79EFBC}") = "RestArt.Core.IntegrationTests", "RestArt.Core.IntegrationTests\RestArt.Core.IntegrationTests.csproj", "{DDAFE41C-920A-433B-B602-7BF534D92F9D}"
EndProject
Global
	GlobalSection(SolutionConfigurationPlatforms) = preSolution
		Debug|Any CPU = Debug|Any CPU
		Debug|x64 = Debug|x64
		Debug|x86 = Debug|x86
		Release|Any CPU = Release|Any CPU
		Release|x64 = Release|x64
		Release|x86 = Release|x86
	EndGlobalSection
	GlobalSection(ProjectConfigurationPlatforms) = postSolution
		{4B0B3568-F2E5-4112-B308-E433F4CC8356}.Debug|Any CPU.ActiveCfg = Debug|Any CPU
		{4B0B3568-F2E5-4112-B308-E433F4CC8356}.Debug|Any CPU.Build.0 = Debug|Any CPU
		{4B0B3568-F2E5-4112-B308-E433F4CC8356}.Debug|x64.ActiveCfg = Debug|x64
		{4B0B3568-F2E5-4112-B308-E433F4CC8356}.Debug|x64.Build.0 = Debug|x64
		{4B0B3568-F2E5-4112-B308-E433F4CC8356}.Debug|x86.ActiveCfg = Debug|x86
		{4B0B3568-F2E5-4112-B308-E433F4CC8356}.Debug|x86.Build.0 = Debug|x86
		{4B0B3568-F2E5-4112-B308-E433F4CC8356}.Release|Any CPU.ActiveCfg = Release|Any CPU
		{4B0B3568-F2E5-4112-B308-E433F4CC8356}.Release|Any CPU.Build.0 = Release|Any CPU
		{4B0B3568-F2E5-4112-B308-E433F4CC8356}.Release|x64.ActiveCfg = Release|x64
		{4B0B3568-F2E5-4112-B308-E433F4CC8356}.Release|x64.Build.0 = Release|x64
		{4B0B3568-F2E5-4112-B308-E433F4CC8356}.Release|x86.ActiveCfg = Release|x86
		{4B0B3568-F2E5-4112-B308-E433F4CC8356}.Release|x86.Build.0 = Release|x86
		{A2E22AEB-70AA-45CD-80C4-C2962DED533D}.Debug|Any CPU.ActiveCfg = Debug|Any CPU
		{A2E22AEB-70AA-45CD-80C4-C2962DED533D}.Debug|Any CPU.Build.0 = Debug|Any CPU
		{A2E22AEB-70AA-45CD-80C4-C2962DED533D}.Debug|x64.ActiveCfg = Debug|x64
		{A2E22AEB-70AA-45CD-80C4-C2962DED533D}.Debug|x64.Build.0 = Debug|x64
		{A2E22AEB-70AA-45CD-80C4-C2962DED533D}.Debug|x86.ActiveCfg = Debug|x86
		{A2E22AEB-70AA-45CD-80C4-C2962DED533D}.Debug|x86.Build.0 = Debug|x86
		{A2E22AEB-70AA-45CD-80C4-C2962DED533D}.Release|Any CPU.ActiveCfg = Release|Any CPU
		{A2E22AEB-70AA-45CD-80C4-C2962DED533D}.Release|Any CPU.Build.0 = Release|Any CPU
		{A2E22AEB-70AA-45CD-80C4-C2962DED533D}.Release|x64.ActiveCfg = Release|x64
		{A2E22AEB-70AA-45CD-80C4-C2962DED533D}.Release|x64.Build.0 = Release|x64
		{A2E22AEB-70AA-45CD-80C4-C2962DED533D}.Release|x86.ActiveCfg = Release|x86
		{A2E22AEB-70AA-45CD-80C4-C2962DED533D}.Release|x86.Build.0 = Release|x86
		{DDAFE41C-920A-433B-B602-7BF534D92F9D}.Debug|Any CPU.ActiveCfg = Debug|Any CPU
		{DDAFE41C-920A-433B-B602-7BF534D92F9D}.Debug|Any CPU.Build.0 = Debug|Any CPU
		{DDAFE41C-920A-433B-B602-7BF534D92F9D}.Debug|x64.ActiveCfg = Debug|x64
		{DDAFE41C-920A-433B-B602-7BF534D92F9D}.Debug|x64.Build.0 = Debug|x64
		{DDAFE41C-920A-433B-B602-7BF534D92F9D}.Debug|x86.ActiveCfg = Debug|x86
		{DDAFE41C-920A-433B-B602-7BF534D92F9D}.Debug|x86.Build.0 = Debug|x86
		{DDAFE41C-920A-433B-B602-7BF534D92F9D}.Release|Any CPU.ActiveCfg = Release|Any CPU
		{DDAFE41C-920A-433B-B602-7BF534D92F9D}.Release|Any CPU.Build.0 = Release|Any CPU
		{DDAFE41C-920A-433B-B602-7BF534D92F9D}.Release|x64.ActiveCfg = Release|x64
		{DDAFE41C-920A-433B-B602-7BF534D92F9D}.Release|x64.Build.0 = Release|x64
		{DDAFE41C-920A-433B-B602-7BF534D92F9D}.Release|x86.ActiveCfg = Release|x86
		{DDAFE41C-920A-433B-B602-7BF534D92F9D}.Release|x86.Build.0 = Release|x86
	EndGlobalSection
	GlobalSection(SolutionProperties) = preSolution
		HideSolutionNode = FALSE
	EndGlobalSection
EndGlobal
